// !$*UTF8*$!
{
	archiveVersion = 1;
	classes = {
	};
	objectVersion = 46;
	objects = {

/* Begin PBXAggregateTarget section */
		IOSEX::IOSEXPackageTests::ProductTarget /* IOSEXPackageTests */ = {
			isa = PBXAggregateTarget;
			buildConfigurationList = OBJ_34 /* Build configuration list for PBXAggregateTarget "IOSEXPackageTests" */;
			buildPhases = (
			);
			dependencies = (
				OBJ_37 /* PBXTargetDependency */,
			);
			name = IOSEXPackageTests;
			productName = IOSEXPackageTests;
		};
/* End PBXAggregateTarget section */

/* Begin PBXBuildFile section */
		07268AEE4CF1CB47911FF2F0 /* Pods_IOSEX.framework in Frameworks */ = {isa = PBXBuildFile; fileRef = 0312783D9F3225D6E855CFA8 /* Pods_IOSEX.framework */; };
		8FD9855280BA7792806AE42F /* Pods_IOSEX_IOSEXTests.framework in Frameworks */ = {isa = PBXBuildFile; fileRef = A8AEA279564A8EECE345B1F1 /* Pods_IOSEX_IOSEXTests.framework */; };
		9F3614D976DD6879D58CFFC6 /* Pods_IOSEXPackageDescription.framework in Frameworks */ = {isa = PBXBuildFile; fileRef = 7776456BF2D3675C9629EB55 /* Pods_IOSEXPackageDescription.framework */; };
		OBJ_25 /* IOSEX.swift in Sources */ = {isa = PBXBuildFile; fileRef = OBJ_9 /* IOSEX.swift */; };
		OBJ_32 /* Package.swift in Sources */ = {isa = PBXBuildFile; fileRef = OBJ_6 /* Package.swift */; };
		OBJ_43 /* IOSEXTests.swift in Sources */ = {isa = PBXBuildFile; fileRef = OBJ_12 /* IOSEXTests.swift */; };
		OBJ_45 /* IOSEX.framework in Frameworks */ = {isa = PBXBuildFile; fileRef = IOSEX::IOSEX::Product /* IOSEX.framework */; };
/* End PBXBuildFile section */

/* Begin PBXFileReference section */
		0312783D9F3225D6E855CFA8 /* Pods_IOSEX.framework */ = {isa = PBXFileReference; explicitFileType = wrapper.framework; includeInIndex = 0; path = Pods_IOSEX.framework; sourceTree = BUILT_PRODUCTS_DIR; };
		2633FD39FEAC9776F1799E88 /* Pods-IOSEX.release.xcconfig */ = {isa = PBXFileReference; includeInIndex = 1; lastKnownFileType = text.xcconfig; name = "Pods-IOSEX.release.xcconfig"; path = "Target Support Files/Pods-IOSEX/Pods-IOSEX.release.xcconfig"; sourceTree = "<group>"; };
		5FBAE091D0611A3C285B57FF /* Pods-IOSEXPackageDescription.debug.xcconfig */ = {isa = PBXFileReference; includeInIndex = 1; lastKnownFileType = text.xcconfig; name = "Pods-IOSEXPackageDescription.debug.xcconfig"; path = "Target Support Files/Pods-IOSEXPackageDescription/Pods-IOSEXPackageDescription.debug.xcconfig"; sourceTree = "<group>"; };
		6E6A887C9B4BEA0FF9CD78D0 /* Pods-IOSEX.debug.xcconfig */ = {isa = PBXFileReference; includeInIndex = 1; lastKnownFileType = text.xcconfig; name = "Pods-IOSEX.debug.xcconfig"; path = "Target Support Files/Pods-IOSEX/Pods-IOSEX.debug.xcconfig"; sourceTree = "<group>"; };
		7776456BF2D3675C9629EB55 /* Pods_IOSEXPackageDescription.framework */ = {isa = PBXFileReference; explicitFileType = wrapper.framework; includeInIndex = 0; path = Pods_IOSEXPackageDescription.framework; sourceTree = BUILT_PRODUCTS_DIR; };
		7F1F83420D78A90C81CB2FEC /* Pods-IOSEX-IOSEXTests.debug.xcconfig */ = {isa = PBXFileReference; includeInIndex = 1; lastKnownFileType = text.xcconfig; name = "Pods-IOSEX-IOSEXTests.debug.xcconfig"; path = "Target Support Files/Pods-IOSEX-IOSEXTests/Pods-IOSEX-IOSEXTests.debug.xcconfig"; sourceTree = "<group>"; };
		9F24D9C75238EFD75C3B1A96 /* Pods-IOSEX-IOSEXTests.release.xcconfig */ = {isa = PBXFileReference; includeInIndex = 1; lastKnownFileType = text.xcconfig; name = "Pods-IOSEX-IOSEXTests.release.xcconfig"; path = "Target Support Files/Pods-IOSEX-IOSEXTests/Pods-IOSEX-IOSEXTests.release.xcconfig"; sourceTree = "<group>"; };
		A8AEA279564A8EECE345B1F1 /* Pods_IOSEX_IOSEXTests.framework */ = {isa = PBXFileReference; explicitFileType = wrapper.framework; includeInIndex = 0; path = Pods_IOSEX_IOSEXTests.framework; sourceTree = BUILT_PRODUCTS_DIR; };
		E4675283E139944D900A7D7B /* Pods-IOSEXPackageDescription.release.xcconfig */ = {isa = PBXFileReference; includeInIndex = 1; lastKnownFileType = text.xcconfig; name = "Pods-IOSEXPackageDescription.release.xcconfig"; path = "Target Support Files/Pods-IOSEXPackageDescription/Pods-IOSEXPackageDescription.release.xcconfig"; sourceTree = "<group>"; };
		IOSEX::IOSEX::Product /* IOSEX.framework */ = {isa = PBXFileReference; path = IOSEX.framework; sourceTree = BUILT_PRODUCTS_DIR; };
		IOSEX::IOSEXTests::Product /* IOSEXTests.xctest */ = {isa = PBXFileReference; path = IOSEXTests.xctest; sourceTree = BUILT_PRODUCTS_DIR; };
		OBJ_12 /* IOSEXTests.swift */ = {isa = PBXFileReference; path = IOSEXTests.swift; sourceTree = "<group>"; };
		OBJ_16 /* IOSEX */ = {isa = PBXFileReference; path = IOSEX; sourceTree = SOURCE_ROOT; };
		OBJ_17 /* IOSEXTests */ = {isa = PBXFileReference; path = IOSEXTests; sourceTree = SOURCE_ROOT; };
		OBJ_18 /* IOSEXUITests */ = {isa = PBXFileReference; path = IOSEXUITests; sourceTree = SOURCE_ROOT; };
		OBJ_19 /* README.md */ = {isa = PBXFileReference; path = README.md; sourceTree = "<group>"; };
		OBJ_6 /* Package.swift */ = {isa = PBXFileReference; explicitFileType = sourcecode.swift; path = Package.swift; sourceTree = "<group>"; };
		OBJ_9 /* IOSEX.swift */ = {isa = PBXFileReference; path = IOSEX.swift; sourceTree = "<group>"; };
/* End PBXFileReference section */

/* Begin PBXFrameworksBuildPhase section */
		9F2820E77810D201440620C5 /* Frameworks */ = {
			isa = PBXFrameworksBuildPhase;
			buildActionMask = 2147483647;
			files = (
				9F3614D976DD6879D58CFFC6 /* Pods_IOSEXPackageDescription.framework in Frameworks */,
			);
			runOnlyForDeploymentPostprocessing = 0;
		};
		OBJ_26 /* Frameworks */ = {
			isa = PBXFrameworksBuildPhase;
			files = (
				07268AEE4CF1CB47911FF2F0 /* Pods_IOSEX.framework in Frameworks */,
			);
		};
		OBJ_44 /* Frameworks */ = {
			isa = PBXFrameworksBuildPhase;
			files = (
				OBJ_45 /* IOSEX.framework in Frameworks */,
				8FD9855280BA7792806AE42F /* Pods_IOSEX_IOSEXTests.framework in Frameworks */,
			);
		};
/* End PBXFrameworksBuildPhase section */

/* Begin PBXGroup section */
		60A49091D422B1A0F037E818 /* Pods */ = {
			isa = PBXGroup;
			children = (
				6E6A887C9B4BEA0FF9CD78D0 /* Pods-IOSEX.debug.xcconfig */,
				2633FD39FEAC9776F1799E88 /* Pods-IOSEX.release.xcconfig */,
				7F1F83420D78A90C81CB2FEC /* Pods-IOSEX-IOSEXTests.debug.xcconfig */,
				9F24D9C75238EFD75C3B1A96 /* Pods-IOSEX-IOSEXTests.release.xcconfig */,
				5FBAE091D0611A3C285B57FF /* Pods-IOSEXPackageDescription.debug.xcconfig */,
				E4675283E139944D900A7D7B /* Pods-IOSEXPackageDescription.release.xcconfig */,
			);
			name = Pods;
			path = Pods;
			sourceTree = "<group>";
		};
		9388D0218D079C7CB59DADB5 /* Frameworks */ = {
			isa = PBXGroup;
			children = (
				0312783D9F3225D6E855CFA8 /* Pods_IOSEX.framework */,
				A8AEA279564A8EECE345B1F1 /* Pods_IOSEX_IOSEXTests.framework */,
				7776456BF2D3675C9629EB55 /* Pods_IOSEXPackageDescription.framework */,
			);
			name = Frameworks;
			sourceTree = "<group>";
		};
		OBJ_10 /* Tests */ = {
			isa = PBXGroup;
			children = (
				OBJ_11 /* IOSEXTests */,
			);
			name = Tests;
			path = "";
			sourceTree = SOURCE_ROOT;
		};
		OBJ_11 /* IOSEXTests */ = {
			isa = PBXGroup;
			children = (
				OBJ_12 /* IOSEXTests.swift */,
			);
			name = IOSEXTests;
			path = Tests/IOSEXTests;
			sourceTree = SOURCE_ROOT;
		};
		OBJ_13 /* Products */ = {
			isa = PBXGroup;
			children = (
				IOSEX::IOSEX::Product /* IOSEX.framework */,
				IOSEX::IOSEXTests::Product /* IOSEXTests.xctest */,
			);
			name = Products;
			path = "";
			sourceTree = BUILT_PRODUCTS_DIR;
		};
		OBJ_5 = {
			isa = PBXGroup;
			children = (
				OBJ_6 /* Package.swift */,
				OBJ_7 /* Sources */,
				OBJ_10 /* Tests */,
				OBJ_13 /* Products */,
				OBJ_16 /* IOSEX */,
				OBJ_17 /* IOSEXTests */,
				OBJ_18 /* IOSEXUITests */,
				OBJ_19 /* README.md */,
				60A49091D422B1A0F037E818 /* Pods */,
				9388D0218D079C7CB59DADB5 /* Frameworks */,
			);
			path = "";
			sourceTree = "<group>";
		};
		OBJ_7 /* Sources */ = {
			isa = PBXGroup;
			children = (
				OBJ_8 /* IOSEX */,
			);
			name = Sources;
			path = "";
			sourceTree = SOURCE_ROOT;
		};
		OBJ_8 /* IOSEX */ = {
			isa = PBXGroup;
			children = (
				OBJ_9 /* IOSEX.swift */,
			);
			name = IOSEX;
			path = Sources/IOSEX;
			sourceTree = SOURCE_ROOT;
		};
/* End PBXGroup section */

/* Begin PBXNativeTarget section */
		IOSEX::IOSEX /* IOSEX */ = {
			isa = PBXNativeTarget;
			buildConfigurationList = OBJ_21 /* Build configuration list for PBXNativeTarget "IOSEX" */;
			buildPhases = (
				7806E9656FC01AC48A469B56 /* [CP] Check Pods Manifest.lock */,
				OBJ_24 /* Sources */,
				OBJ_26 /* Frameworks */,
			);
			buildRules = (
			);
			dependencies = (
			);
			name = IOSEX;
			productName = IOSEX;
			productReference = IOSEX::IOSEX::Product /* IOSEX.framework */;
			productType = "com.apple.product-type.framework";
		};
		IOSEX::IOSEXTests /* IOSEXTests */ = {
			isa = PBXNativeTarget;
			buildConfigurationList = OBJ_39 /* Build configuration list for PBXNativeTarget "IOSEXTests" */;
			buildPhases = (
				858BF18E7673799D19035DB4 /* [CP] Check Pods Manifest.lock */,
				OBJ_42 /* Sources */,
				OBJ_44 /* Frameworks */,
			);
			buildRules = (
			);
			dependencies = (
				OBJ_46 /* PBXTargetDependency */,
			);
			name = IOSEXTests;
			productName = IOSEXTests;
			productReference = IOSEX::IOSEXTests::Product /* IOSEXTests.xctest */;
			productType = "com.apple.product-type.bundle.unit-test";
		};
		IOSEX::SwiftPMPackageDescription /* IOSEXPackageDescription */ = {
			isa = PBXNativeTarget;
			buildConfigurationList = OBJ_28 /* Build configuration list for PBXNativeTarget "IOSEXPackageDescription" */;
			buildPhases = (
				4F91451DC757C8FD75C81E4F /* [CP] Check Pods Manifest.lock */,
				OBJ_31 /* Sources */,
				9F2820E77810D201440620C5 /* Frameworks */,
			);
			buildRules = (
			);
			dependencies = (
			);
			name = IOSEXPackageDescription;
			productName = IOSEXPackageDescription;
			productType = "com.apple.product-type.framework";
		};
/* End PBXNativeTarget section */

/* Begin PBXProject section */
		OBJ_1 /* Project object */ = {
			isa = PBXProject;
			attributes = {
				LastSwiftMigration = 9999;
				LastUpgradeCheck = 9999;
			};
			buildConfigurationList = OBJ_2 /* Build configuration list for PBXProject "IOSEX" */;
			compatibilityVersion = "Xcode 3.2";
			developmentRegion = en;
			hasScannedForEncodings = 0;
			knownRegions = (
				en,
			);
			mainGroup = OBJ_5;
			productRefGroup = OBJ_13 /* Products */;
			projectDirPath = .;
			targets = (
				IOSEX::IOSEX /* IOSEX */,
				IOSEX::SwiftPMPackageDescription /* IOSEXPackageDescription */,
				IOSEX::IOSEXPackageTests::ProductTarget /* IOSEXPackageTests */,
				IOSEX::IOSEXTests /* IOSEXTests */,
			);
		};
/* End PBXProject section */

/* Begin PBXShellScriptBuildPhase section */
		4F91451DC757C8FD75C81E4F /* [CP] Check Pods Manifest.lock */ = {
			isa = PBXShellScriptBuildPhase;
			buildActionMask = 2147483647;
			files = (
			);
			inputFileListPaths = (
			);
			inputPaths = (
				"${PODS_PODFILE_DIR_PATH}/Podfile.lock",
				"${PODS_ROOT}/Manifest.lock",
			);
			name = "[CP] Check Pods Manifest.lock";
			outputFileListPaths = (
			);
			outputPaths = (
				"$(DERIVED_FILE_DIR)/Pods-IOSEXPackageDescription-checkManifestLockResult.txt",
			);
			runOnlyForDeploymentPostprocessing = 0;
			shellPath = /bin/sh;
			shellScript = "diff \"${PODS_PODFILE_DIR_PATH}/Podfile.lock\" \"${PODS_ROOT}/Manifest.lock\" > /dev/null\nif [ $? != 0 ] ; then\n    # print error to STDERR\n    echo \"error: The sandbox is not in sync with the Podfile.lock. Run 'pod install' or update your CocoaPods installation.\" >&2\n    exit 1\nfi\n# This output is used by Xcode 'outputs' to avoid re-running this script phase.\necho \"SUCCESS\" > \"${SCRIPT_OUTPUT_FILE_0}\"\n";
			showEnvVarsInLog = 0;
		};
		7806E9656FC01AC48A469B56 /* [CP] Check Pods Manifest.lock */ = {
			isa = PBXShellScriptBuildPhase;
			buildActionMask = 2147483647;
			files = (
			);
			inputFileListPaths = (
			);
			inputPaths = (
				"${PODS_PODFILE_DIR_PATH}/Podfile.lock",
				"${PODS_ROOT}/Manifest.lock",
			);
			name = "[CP] Check Pods Manifest.lock";
			outputFileListPaths = (
			);
			outputPaths = (
				"$(DERIVED_FILE_DIR)/Pods-IOSEX-checkManifestLockResult.txt",
			);
			runOnlyForDeploymentPostprocessing = 0;
			shellPath = /bin/sh;
			shellScript = "diff \"${PODS_PODFILE_DIR_PATH}/Podfile.lock\" \"${PODS_ROOT}/Manifest.lock\" > /dev/null\nif [ $? != 0 ] ; then\n    # print error to STDERR\n    echo \"error: The sandbox is not in sync with the Podfile.lock. Run 'pod install' or update your CocoaPods installation.\" >&2\n    exit 1\nfi\n# This output is used by Xcode 'outputs' to avoid re-running this script phase.\necho \"SUCCESS\" > \"${SCRIPT_OUTPUT_FILE_0}\"\n";
			showEnvVarsInLog = 0;
		};
		858BF18E7673799D19035DB4 /* [CP] Check Pods Manifest.lock */ = {
			isa = PBXShellScriptBuildPhase;
			buildActionMask = 2147483647;
			files = (
			);
			inputFileListPaths = (
			);
			inputPaths = (
				"${PODS_PODFILE_DIR_PATH}/Podfile.lock",
				"${PODS_ROOT}/Manifest.lock",
			);
			name = "[CP] Check Pods Manifest.lock";
			outputFileListPaths = (
			);
			outputPaths = (
				"$(DERIVED_FILE_DIR)/Pods-IOSEX-IOSEXTests-checkManifestLockResult.txt",
			);
			runOnlyForDeploymentPostprocessing = 0;
			shellPath = /bin/sh;
			shellScript = "diff \"${PODS_PODFILE_DIR_PATH}/Podfile.lock\" \"${PODS_ROOT}/Manifest.lock\" > /dev/null\nif [ $? != 0 ] ; then\n    # print error to STDERR\n    echo \"error: The sandbox is not in sync with the Podfile.lock. Run 'pod install' or update your CocoaPods installation.\" >&2\n    exit 1\nfi\n# This output is used by Xcode 'outputs' to avoid re-running this script phase.\necho \"SUCCESS\" > \"${SCRIPT_OUTPUT_FILE_0}\"\n";
			showEnvVarsInLog = 0;
		};
/* End PBXShellScriptBuildPhase section */

/* Begin PBXSourcesBuildPhase section */
		OBJ_24 /* Sources */ = {
			isa = PBXSourcesBuildPhase;
			files = (
				OBJ_25 /* IOSEX.swift in Sources */,
			);
		};
		OBJ_31 /* Sources */ = {
			isa = PBXSourcesBuildPhase;
			files = (
				OBJ_32 /* Package.swift in Sources */,
			);
		};
		OBJ_42 /* Sources */ = {
			isa = PBXSourcesBuildPhase;
			files = (
				OBJ_43 /* IOSEXTests.swift in Sources */,
			);
		};
/* End PBXSourcesBuildPhase section */

/* Begin PBXTargetDependency section */
		OBJ_37 /* PBXTargetDependency */ = {
			isa = PBXTargetDependency;
			target = IOSEX::IOSEXTests /* IOSEXTests */;
		};
		OBJ_46 /* PBXTargetDependency */ = {
			isa = PBXTargetDependency;
			target = IOSEX::IOSEX /* IOSEX */;
		};
/* End PBXTargetDependency section */

/* Begin XCBuildConfiguration section */
		OBJ_22 /* Debug */ = {
			isa = XCBuildConfiguration;
			baseConfigurationReference = 6E6A887C9B4BEA0FF9CD78D0 /* Pods-IOSEX.debug.xcconfig */;
			buildSettings = {
				CURRENT_PROJECT_VERSION = 1;
				DRIVERKIT_DEPLOYMENT_TARGET = 19.0;
				ENABLE_TESTABILITY = YES;
				FRAMEWORK_SEARCH_PATHS = (
					"$(inherited)",
					"$(PLATFORM_DIR)/Developer/Library/Frameworks",
				);
				HEADER_SEARCH_PATHS = "$(inherited)";
				INFOPLIST_FILE = IOSEX.xcodeproj/IOSEX_Info.plist;
				IPHONEOS_DEPLOYMENT_TARGET = 9.0;
				LD_RUNPATH_SEARCH_PATHS = "$(inherited) $(TOOLCHAIN_DIR)/usr/lib/swift/macosx";
				MACOSX_DEPLOYMENT_TARGET = 10.10;
				OTHER_CFLAGS = "$(inherited)";
				OTHER_LDFLAGS = "$(inherited)";
				OTHER_SWIFT_FLAGS = "$(inherited)";
				PRODUCT_BUNDLE_IDENTIFIER = IOSEX;
				PRODUCT_MODULE_NAME = "$(TARGET_NAME:c99extidentifier)";
				PRODUCT_NAME = "$(TARGET_NAME:c99extidentifier)";
				SKIP_INSTALL = YES;
				SWIFT_ACTIVE_COMPILATION_CONDITIONS = "$(inherited)";
				SWIFT_VERSION = 5.0;
				TARGET_NAME = IOSEX;
				TVOS_DEPLOYMENT_TARGET = 9.0;
				WATCHOS_DEPLOYMENT_TARGET = 2.0;
			};
			name = Debug;
		};
		OBJ_23 /* Release */ = {
			isa = XCBuildConfiguration;
			baseConfigurationReference = 2633FD39FEAC9776F1799E88 /* Pods-IOSEX.release.xcconfig */;
			buildSettings = {
				CURRENT_PROJECT_VERSION = 1;
				DRIVERKIT_DEPLOYMENT_TARGET = 19.0;
				ENABLE_TESTABILITY = YES;
				FRAMEWORK_SEARCH_PATHS = (
					"$(inherited)",
					"$(PLATFORM_DIR)/Developer/Library/Frameworks",
				);
				HEADER_SEARCH_PATHS = "$(inherited)";
				INFOPLIST_FILE = IOSEX.xcodeproj/IOSEX_Info.plist;
				IPHONEOS_DEPLOYMENT_TARGET = 9.0;
				LD_RUNPATH_SEARCH_PATHS = "$(inherited) $(TOOLCHAIN_DIR)/usr/lib/swift/macosx";
				MACOSX_DEPLOYMENT_TARGET = 10.10;
				OTHER_CFLAGS = "$(inherited)";
				OTHER_LDFLAGS = "$(inherited)";
				OTHER_SWIFT_FLAGS = "$(inherited)";
				PRODUCT_BUNDLE_IDENTIFIER = IOSEX;
				PRODUCT_MODULE_NAME = "$(TARGET_NAME:c99extidentifier)";
				PRODUCT_NAME = "$(TARGET_NAME:c99extidentifier)";
				SKIP_INSTALL = YES;
				SWIFT_ACTIVE_COMPILATION_CONDITIONS = "$(inherited)";
				SWIFT_VERSION = 5.0;
				TARGET_NAME = IOSEX;
				TVOS_DEPLOYMENT_TARGET = 9.0;
				WATCHOS_DEPLOYMENT_TARGET = 2.0;
			};
			name = Release;
		};
		OBJ_29 /* Debug */ = {
			isa = XCBuildConfiguration;
			baseConfigurationReference = 5FBAE091D0611A3C285B57FF /* Pods-IOSEXPackageDescription.debug.xcconfig */;
			buildSettings = {
				LD = /usr/bin/true;
				OTHER_SWIFT_FLAGS = "-swift-version 5 -I $(TOOLCHAIN_DIR)/usr/lib/swift/pm/ManifestAPI -sdk /Applications/Xcode.app/Contents/Developer/Platforms/MacOSX.platform/Developer/SDKs/MacOSX12.0.sdk -package-description-version 5.5.0";
				SWIFT_VERSION = 5.0;
			};
			name = Debug;
		};
		OBJ_3 /* Debug */ = {
			isa = XCBuildConfiguration;
			buildSettings = {
				CLANG_ENABLE_OBJC_ARC = YES;
				COMBINE_HIDPI_IMAGES = YES;
				COPY_PHASE_STRIP = NO;
				DEBUG_INFORMATION_FORMAT = dwarf;
				DYLIB_INSTALL_NAME_BASE = "@rpath";
				ENABLE_NS_ASSERTIONS = YES;
				GCC_OPTIMIZATION_LEVEL = 0;
				GCC_PREPROCESSOR_DEFINITIONS = (
					"$(inherited)",
					"SWIFT_PACKAGE=1",
					"DEBUG=1",
				);
				MACOSX_DEPLOYMENT_TARGET = 10.10;
				ONLY_ACTIVE_ARCH = YES;
				OTHER_SWIFT_FLAGS = "$(inherited) -DXcode";
				PRODUCT_NAME = "$(TARGET_NAME)";
				SDKROOT = macosx;
				SUPPORTED_PLATFORMS = "$(AVAILABLE_PLATFORMS)";
				SUPPORTS_MACCATALYST = YES;
				SWIFT_ACTIVE_COMPILATION_CONDITIONS = "$(inherited) SWIFT_PACKAGE DEBUG";
				SWIFT_OPTIMIZATION_LEVEL = "-Onone";
				USE_HEADERMAP = NO;
			};
			name = Debug;
		};
		OBJ_30 /* Release */ = {
			isa = XCBuildConfiguration;
			baseConfigurationReference = E4675283E139944D900A7D7B /* Pods-IOSEXPackageDescription.release.xcconfig */;
			buildSettings = {
				LD = /usr/bin/true;
				OTHER_SWIFT_FLAGS = "-swift-version 5 -I $(TOOLCHAIN_DIR)/usr/lib/swift/pm/ManifestAPI -sdk /Applications/Xcode.app/Contents/Developer/Platforms/MacOSX.platform/Developer/SDKs/MacOSX12.0.sdk -package-description-version 5.5.0";
				SWIFT_VERSION = 5.0;
			};
			name = Release;
		};
		OBJ_35 /* Debug */ = {
			isa = XCBuildConfiguration;
			buildSettings = {
			};
			name = Debug;
		};
		OBJ_36 /* Release */ = {
			isa = XCBuildConfiguration;
			buildSettings = {
			};
			name = Release;
		};
		OBJ_4 /* Release */ = {
			isa = XCBuildConfiguration;
			buildSettings = {
				CLANG_ENABLE_OBJC_ARC = YES;
				COMBINE_HIDPI_IMAGES = YES;
				COPY_PHASE_STRIP = YES;
				DEBUG_INFORMATION_FORMAT = "dwarf-with-dsym";
				DYLIB_INSTALL_NAME_BASE = "@rpath";
				GCC_OPTIMIZATION_LEVEL = s;
				GCC_PREPROCESSOR_DEFINITIONS = (
					"$(inherited)",
					"SWIFT_PACKAGE=1",
				);
				MACOSX_DEPLOYMENT_TARGET = 10.10;
				OTHER_SWIFT_FLAGS = "$(inherited) -DXcode";
				PRODUCT_NAME = "$(TARGET_NAME)";
				SDKROOT = macosx;
				SUPPORTED_PLATFORMS = "$(AVAILABLE_PLATFORMS)";
				SUPPORTS_MACCATALYST = YES;
				SWIFT_ACTIVE_COMPILATION_CONDITIONS = "$(inherited) SWIFT_PACKAGE";
				SWIFT_OPTIMIZATION_LEVEL = "-Owholemodule";
				USE_HEADERMAP = NO;
			};
			name = Release;
		};
		OBJ_40 /* Debug */ = {
			isa = XCBuildConfiguration;
			baseConfigurationReference = 7F1F83420D78A90C81CB2FEC /* Pods-IOSEX-IOSEXTests.debug.xcconfig */;
			buildSettings = {
				CLANG_ENABLE_MODULES = YES;
				CURRENT_PROJECT_VERSION = 1;
				DRIVERKIT_DEPLOYMENT_TARGET = 19.0;
				EMBEDDED_CONTENT_CONTAINS_SWIFT = YES;
				FRAMEWORK_SEARCH_PATHS = (
					"$(inherited)",
					"$(PLATFORM_DIR)/Developer/Library/Frameworks",
				);
				HEADER_SEARCH_PATHS = "$(inherited)";
				INFOPLIST_FILE = IOSEX.xcodeproj/IOSEXTests_Info.plist;
				IPHONEOS_DEPLOYMENT_TARGET = 14.0;
				LD_RUNPATH_SEARCH_PATHS = "$(inherited) @loader_path/../Frameworks @loader_path/Frameworks";
				MACOSX_DEPLOYMENT_TARGET = 11.0;
				OTHER_CFLAGS = "$(inherited)";
				OTHER_LDFLAGS = "$(inherited)";
				OTHER_SWIFT_FLAGS = "$(inherited)";
				SWIFT_ACTIVE_COMPILATION_CONDITIONS = "$(inherited)";
				SWIFT_VERSION = 5.0;
				TARGET_NAME = IOSEXTests;
				TVOS_DEPLOYMENT_TARGET = 14.0;
				WATCHOS_DEPLOYMENT_TARGET = 7.0;
			};
			name = Debug;
		};
		OBJ_41 /* Release */ = {
			isa = XCBuildConfiguration;
			baseConfigurationReference = 9F24D9C75238EFD75C3B1A96 /* Pods-IOSEX-IOSEXTests.release.xcconfig */;
			buildSettings = {
				CLANG_ENABLE_MODULES = YES;
				CURRENT_PROJECT_VERSION = 1;
				DRIVERKIT_DEPLOYMENT_TARGET = 19.0;
				EMBEDDED_CONTENT_CONTAINS_SWIFT = YES;
				FRAMEWORK_SEARCH_PATHS = (
					"$(inherited)",
					"$(PLATFORM_DIR)/Developer/Library/Frameworks",
				);
				HEADER_SEARCH_PATHS = "$(inherited)";
				INFOPLIST_FILE = IOSEX.xcodeproj/IOSEXTests_Info.plist;
				IPHONEOS_DEPLOYMENT_TARGET = 14.0;
				LD_RUNPATH_SEARCH_PATHS = "$(inherited) @loader_path/../Frameworks @loader_path/Frameworks";
				MACOSX_DEPLOYMENT_TARGET = 11.0;
				OTHER_CFLAGS = "$(inherited)";
				OTHER_LDFLAGS = "$(inherited)";
				OTHER_SWIFT_FLAGS = "$(inherited)";
				SWIFT_ACTIVE_COMPILATION_CONDITIONS = "$(inherited)";
				SWIFT_VERSION = 5.0;
				TARGET_NAME = IOSEXTests;
				TVOS_DEPLOYMENT_TARGET = 14.0;
				WATCHOS_DEPLOYMENT_TARGET = 7.0;
			};
			name = Release;
		};
/* End XCBuildConfiguration section */

/* Begin XCConfigurationList section */
		OBJ_2 /* Build configuration list for PBXProject "IOSEX" */ = {
			isa = XCConfigurationList;
			buildConfigurations = (
				OBJ_3 /* Debug */,
				OBJ_4 /* Release */,
			);
			defaultConfigurationIsVisible = 0;
			defaultConfigurationName = Release;
		};
		OBJ_21 /* Build configuration list for PBXNativeTarget "IOSEX" */ = {
			isa = XCConfigurationList;
			buildConfigurations = (
				OBJ_22 /* Debug */,
				OBJ_23 /* Release */,
			);
			defaultConfigurationIsVisible = 0;
			defaultConfigurationName = Release;
		};
		OBJ_28 /* Build configuration list for PBXNativeTarget "IOSEXPackageDescription" */ = {
			isa = XCConfigurationList;
			buildConfigurations = (
				OBJ_29 /* Debug */,
				OBJ_30 /* Release */,
			);
			defaultConfigurationIsVisible = 0;
			defaultConfigurationName = Release;
		};
		OBJ_34 /* Build configuration list for PBXAggregateTarget "IOSEXPackageTests" */ = {
			isa = XCConfigurationList;
			buildConfigurations = (
				OBJ_35 /* Debug */,
				OBJ_36 /* Release */,
			);
			defaultConfigurationIsVisible = 0;
			defaultConfigurationName = Release;
		};
		OBJ_39 /* Build configuration list for PBXNativeTarget "IOSEXTests" */ = {
			isa = XCConfigurationList;
			buildConfigurations = (
				OBJ_40 /* Debug */,
				OBJ_41 /* Release */,
			);
			defaultConfigurationIsVisible = 0;
			defaultConfigurationName = Release;
		};
/* End XCConfigurationList section */
	};
	rootObject = OBJ_1 /* Project object */;
}
